
Microsoft Visual Studio Solution File, Format Version 12.00
# Visual Studio Version 17
VisualStudioVersion = 17.7.34003.232
MinimumVisualStudioVersion = 10.0.40219.1
Project("{FAE04EC0-301F-11D3-BF4B-00C04F79EFBC}") = "Projectwebapp", "Projectwebapp\Projectwebapp.csproj", "{14D7D553-8BC9-413E-A6D8-F35AD58C2331}"
EndProject
Global
	GlobalSection(SolutionConfigurationPlatforms) = preSolution
		Debug|Any CPU = Debug|Any CPU
		Release|Any CPU = Release|Any CPU
	EndGlobalSection
	GlobalSection(ProjectConfigurationPlatforms) = postSolution
		{14D7D553-8BC9-413E-A6D8-F35AD58C2331}.Debug|Any CPU.ActiveCfg = Debug|Any CPU
		{14D7D553-8BC9-413E-A6D8-F35AD58C2331}.Debug|Any CPU.Build.0 = Debug|Any CPU
		{14D7D553-8BC9-413E-A6D8-F35AD58C2331}.Release|Any CPU.ActiveCfg = Release|Any CPU
		{14D7D553-8BC9-413E-A6D8-F35AD58C2331}.Release|Any CPU.Build.0 = Release|Any CPU
	EndGlobalSection
	GlobalSection(SolutionProperties) = preSolution
		HideSolutionNode = FALSE
	EndGlobalSection
	GlobalSection(ExtensibilityGlobals) = postSolution
		SolutionGuid = {7BE2B7E0-0D0C-4E5B-AA4F-74FD521DE2D7}
	EndGlobalSection
EndGlobal
